// !$*UTF8*$!
{
	archiveVersion = 1;
	classes = {
	};
	objectVersion = 48;
	objects = {

/* Begin PBXBuildFile section */
		CD2242CC20DA92D800DB8F20 /* AppDelegate.swift in Sources */ = {isa = PBXBuildFile; fileRef = CD2242CB20DA92D800DB8F20 /* AppDelegate.swift */; };
		CD2242CE20DA92D800DB8F20 /* ViewController.swift in Sources */ = {isa = PBXBuildFile; fileRef = CD2242CD20DA92D800DB8F20 /* ViewController.swift */; };
		CD2242D120DA92D800DB8F20 /* Main.storyboard in Resources */ = {isa = PBXBuildFile; fileRef = CD2242CF20DA92D800DB8F20 /* Main.storyboard */; };
		CD2242D320DA92D800DB8F20 /* Assets.xcassets in Resources */ = {isa = PBXBuildFile; fileRef = CD2242D220DA92D800DB8F20 /* Assets.xcassets */; };
		CD2242D620DA92D800DB8F20 /* LaunchScreen.storyboard in Resources */ = {isa = PBXBuildFile; fileRef = CD2242D420DA92D800DB8F20 /* LaunchScreen.storyboard */; };
		CD2242E020DBF76700DB8F20 /* TouchIDViewController.swift in Sources */ = {isa = PBXBuildFile; fileRef = CD2242DF20DBF76700DB8F20 /* TouchIDViewController.swift */; };
/* End PBXBuildFile section */

/* Begin PBXFileReference section */
		CD2242C820DA92D800DB8F20 /* Case.app */ = {isa = PBXFileReference; explicitFileType = wrapper.application; includeInIndex = 0; path = Case.app; sourceTree = BUILT_PRODUCTS_DIR; };
		CD2242CB20DA92D800DB8F20 /* AppDelegate.swift */ = {isa = PBXFileReference; lastKnownFileType = sourcecode.swift; path = AppDelegate.swift; sourceTree = "<group>"; };
		CD2242CD20DA92D800DB8F20 /* ViewController.swift */ = {isa = PBXFileReference; lastKnownFileType = sourcecode.swift; path = ViewController.swift; sourceTree = "<group>"; };
		CD2242D020DA92D800DB8F20 /* Base */ = {isa = PBXFileReference; lastKnownFileType = file.storyboard; name = Base; path = Base.lproj/Main.storyboard; sourceTree = "<group>"; };
		CD2242D220DA92D800DB8F20 /* Assets.xcassets */ = {isa = PBXFileReference; lastKnownFileType = folder.assetcatalog; path = Assets.xcassets; sourceTree = "<group>"; };
		CD2242D520DA92D800DB8F20 /* Base */ = {isa = PBXFileReference; lastKnownFileType = file.storyboard; name = Base; path = Base.lproj/LaunchScreen.storyboard; sourceTree = "<group>"; };
		CD2242D720DA92D800DB8F20 /* Info.plist */ = {isa = PBXFileReference; lastKnownFileType = text.plist.xml; path = Info.plist; sourceTree = "<group>"; };
		CD2242DF20DBF76700DB8F20 /* TouchIDViewController.swift */ = {isa = PBXFileReference; lastKnownFileType = sourcecode.swift; path = TouchIDViewController.swift; sourceTree = "<group>"; };
/* End PBXFileReference section */

/* Begin PBXFrameworksBuildPhase section */
		CD2242C520DA92D800DB8F20 /* Frameworks */ = {
			isa = PBXFrameworksBuildPhase;
			buildActionMask = 2147483647;
			files = (
			);
			runOnlyForDeploymentPostprocessing = 0;
		};
/* End PBXFrameworksBuildPhase section */

/* Begin PBXGroup section */
		CD2242BF20DA92D800DB8F20 = {
			isa = PBXGroup;
			children = (
				CD2242CA20DA92D800DB8F20 /* Case */,
				CD2242C920DA92D800DB8F20 /* Products */,
			);
			sourceTree = "<group>";
		};
		CD2242C920DA92D800DB8F20 /* Products */ = {
			isa = PBXGroup;
			children = (
				CD2242C820DA92D800DB8F20 /* Case.app */,
			);
			name = Products;
			sourceTree = "<group>";
		};
		CD2242CA20DA92D800DB8F20 /* Case */ = {
			isa = PBXGroup;
			children = (
				CD2242CB20DA92D800DB8F20 /* AppDelegate.swift */,
				CD2242CD20DA92D800DB8F20 /* ViewController.swift */,
				CD2242CF20DA92D800DB8F20 /* Main.storyboard */,
				CD2242DF20DBF76700DB8F20 /* TouchIDViewController.swift */,
				CD2242D220DA92D800DB8F20 /* Assets.xcassets */,
				CD2242D420DA92D800DB8F20 /* LaunchScreen.storyboard */,
				CD2242D720DA92D800DB8F20 /* Info.plist */,
			);
			path = Case;
			sourceTree = "<group>";
		};
/* End PBXGroup section */

/* Begin PBXNativeTarget section */
		CD2242C720DA92D800DB8F20 /* Case */ = {
			isa = PBXNativeTarget;
			buildConfigurationList = CD2242DA20DA92D800DB8F20 /* Build configuration list for PBXNativeTarget "Case" */;
			buildPhases = (
				CD2242C420DA92D800DB8F20 /* Sources */,
				CD2242C520DA92D800DB8F20 /* Frameworks */,
				CD2242C620DA92D800DB8F20 /* Resources */,
			);
			buildRules = (
			);
			dependencies = (
			);
			name = Case;
			productName = Case;
			productReference = CD2242C820DA92D800DB8F20 /* Case.app */;
			productType = "com.apple.product-type.application";
		};
/* End PBXNativeTarget section */

/* Begin PBXProject section */
		CD2242C020DA92D800DB8F20 /* Project object */ = {
			isa = PBXProject;
			attributes = {
				LastSwiftUpdateCheck = 0920;
				LastUpgradeCheck = 0920;
				ORGANIZATIONNAME = "Thomas Parry";
				TargetAttributes = {
					CD2242C720DA92D800DB8F20 = {
						CreatedOnToolsVersion = 9.2;
						ProvisioningStyle = Automatic;
					};
				};
			};
			buildConfigurationList = CD2242C320DA92D800DB8F20 /* Build configuration list for PBXProject "Case" */;
			compatibilityVersion = "Xcode 8.0";
			developmentRegion = en;
			hasScannedForEncodings = 0;
			knownRegions = (
				en,
				Base,
			);
			mainGroup = CD2242BF20DA92D800DB8F20;
			productRefGroup = CD2242C920DA92D800DB8F20 /* Products */;
			projectDirPath = "";
			projectRoot = "";
			targets = (
				CD2242C720DA92D800DB8F20 /* Case */,
			);
		};
/* End PBXProject section */

/* Begin PBXResourcesBuildPhase section */
		CD2242C620DA92D800DB8F20 /* Resources */ = {
			isa = PBXResourcesBuildPhase;
			buildActionMask = 2147483647;
			files = (
				CD2242D620DA92D800DB8F20 /* LaunchScreen.storyboard in Resources */,
				CD2242D320DA92D800DB8F20 /* Assets.xcassets in Resources */,
				CD2242D120DA92D800DB8F20 /* Main.storyboard in Resources */,
			);
			runOnlyForDeploymentPostprocessing = 0;
		};
/* End PBXResourcesBuildPhase section */

/* Begin PBXSourcesBuildPhase section */
		CD2242C420DA92D800DB8F20 /* Sources */ = {
			isa = PBXSourcesBuildPhase;
			buildActionMask = 2147483647;
			files = (
				CD2242CE20DA92D800DB8F20 /* ViewController.swift in Sources */,
				CD2242E020DBF76700DB8F20 /* TouchIDViewController.swift in Sources */,
				CD2242CC20DA92D800DB8F20 /* AppDelegate.swift in Sources */,
			);
			runOnlyForDeploymentPostprocessing = 0;
		};
/* End PBXSourcesBuildPhase section */

/* Begin PBXVariantGroup section */
		CD2242CF20DA92D800DB8F20 /* Main.storyboard */ = {
			isa = PBXVariantGroup;
			children = (
				CD2242D020DA92D800DB8F20 /* Base */,
			);
			name = Main.storyboard;
			sourceTree = "<group>";
		};
		CD2242D420DA92D800DB8F20 /* LaunchScreen.storyboard */ = {
			isa = PBXVariantGroup;
			children = (
				CD2242D520DA92D800DB8F20 /* Base */,
			);
			name = LaunchScreen.storyboard;
			sourceTree = "<group>";
		};
/* End PBXVariantGroup section */

/* Begin XCBuildConfiguration section */
		CD2242D820DA92D800DB8F20 /* Debug */ = {
			isa = XCBuildConfiguration;
			buildSettings = {
				ALWAYS_SEARCH_USER_PATHS = NO;
				CLANG_ANALYZER_NONNULL = YES;
				CLANG_ANALYZER_NUMBER_OBJECT_CONVERSION = YES_AGGRESSIVE;
				CLANG_CXX_LANGUAGE_STANDARD = "gnu++14";
				CLANG_CXX_LIBRARY = "libc++";
				CLANG_ENABLE_MODULES = YES;
				CLANG_ENABLE_OBJC_ARC = YES;
				CLANG_WARN_BLOCK_CAPTURE_AUTORELEASING = YES;
				CLANG_WARN_BOOL_CONVERSION = YES;
				CLANG_WARN_COMMA = YES;
				CLANG_WARN_CONSTANT_CONVERSION = YES;
				CLANG_WARN_DIRECT_OBJC_ISA_USAGE = YES_ERROR;
				CLANG_WARN_DOCUMENTATION_COMMENTS = YES;
				CLANG_WARN_EMPTY_BODY = YES;
				CLANG_WARN_ENUM_CONVERSION = YES;
				CLANG_WARN_INFINITE_RECURSION = YES;
				CLANG_WARN_INT_CONVERSION = YES;
				CLANG_WARN_NON_LITERAL_NULL_CONVERSION = YES;
				CLANG_WARN_OBJC_LITERAL_CONVERSION = YES;
				CLANG_WARN_OBJC_ROOT_CLASS = YES_ERROR;
				CLANG_WARN_RANGE_LOOP_ANALYSIS = YES;
				CLANG_WARN_STRICT_PROTOTYPES = YES;
				CLANG_WARN_SUSPICIOUS_MOVE = YES;
				CLANG_WARN_UNGUARDED_AVAILABILITY = YES_AGGRESSIVE;
				CLANG_WARN_UNREACHABLE_CODE = YES;
				CLANG_WARN__DUPLICATE_METHOD_MATCH = YES;
				CODE_SIGN_IDENTITY = "iPhone Developer";
				COPY_PHASE_STRIP = NO;
				DEBUG_INFORMATION_FORMAT = dwarf;
				ENABLE_STRICT_OBJC_MSGSEND = YES;
				ENABLE_TESTABILITY = YES;
				GCC_C_LANGUAGE_STANDARD = gnu11;
				GCC_DYNAMIC_NO_PIC = NO;
				GCC_NO_COMMON_BLOCKS = YES;
				GCC_OPTIMIZATION_LEVEL = 0;
				GCC_PREPROCESSOR_DEFINITIONS = (
					"DEBUG=1",
					"$(inherited)",
				);
				GCC_WARN_64_TO_32_BIT_CONVERSION = YES;
				GCC_WARN_ABOUT_RETURN_TYPE = YES_ERROR;
				GCC_WARN_UNDECLARED_SELECTOR = YES;
				GCC_WARN_UNINITIALIZED_AUTOS = YES_AGGRESSIVE;
				GCC_WARN_UNUSED_FUNCTION = YES;
				GCC_WARN_UNUSED_VARIABLE = YES;
				IPHONEOS_DEPLOYMENT_TARGET = 11.2;
				MTL_ENABLE_DEBUG_INFO = YES;
				ONLY_ACTIVE_ARCH = YES;
				SDKROOT = iphoneos;
				SWIFT_ACTIVE_COMPILATION_CONDITIONS = DEBUG;
				SWIFT_OPTIMIZATION_LEVEL = "-Onone";
			};
			name = Debug;
		};
		CD2242D920DA92D800DB8F20 /* Release */ = {
			isa = XCBuildConfiguration;
			buildSettings = {
				ALWAYS_SEARCH_USER_PATHS = NO;
				CLANG_ANALYZER_NONNULL = YES;
				CLANG_ANALYZER_NUMBER_OBJECT_CONVERSION = YES_AGGRESSIVE;
				CLANG_CXX_LANGUAGE_STANDARD = "gnu++14";
				CLANG_CXX_LIBRARY = "libc++";
				CLANG_ENABLE_MODULES = YES;
				CLANG_ENABLE_OBJC_ARC = YES;
				CLANG_WARN_BLOCK_CAPTURE_AUTORELEASING = YES;
				CLANG_WARN_BOOL_CONVERSION = YES;
				CLANG_WARN_COMMA = YES;
				CLANG_WARN_CONSTANT_CONVERSION = YES;
				CLANG_WARN_DIRECT_OBJC_ISA_USAGE = YES_ERROR;
				CLANG_WARN_DOCUMENTATION_COMMENTS = YES;
				CLANG_WARN_EMPTY_BODY = YES;
				CLANG_WARN_ENUM_CONVERSION = YES;
				CLANG_WARN_INFINITE_RECURSION = YES;
				CLANG_WARN_INT_CONVERSION = YES;
				CLANG_WARN_NON_LITERAL_NULL_CONVERSION = YES;
				CLANG_WARN_OBJC_LITERAL_CONVERSION = YES;
				CLANG_WARN_OBJC_ROOT_CLASS = YES_ERROR;
				CLANG_WARN_RANGE_LOOP_ANALYSIS = YES;
				CLANG_WARN_STRICT_PROTOTYPES = YES;
				CLANG_WARN_SUSPICIOUS_MOVE = YES;
				CLANG_WARN_UNGUARDED_AVAILABILITY = YES_AGGRESSIVE;
				CLANG_WARN_UNREACHABLE_CODE = YES;
				CLANG_WARN__DUPLICATE_METHOD_MATCH = YES;
				CODE_SIGN_IDENTITY = "iPhone Developer";
				COPY_PHASE_STRIP = NO;
				DEBUG_INFORMATION_FORMAT = "dwarf-with-dsym";
				ENABLE_NS_ASSERTIONS = NO;
				ENABLE_STRICT_OBJC_MSGSEND = YES;
				GCC_C_LANGUAGE_STANDARD = gnu11;
				GCC_NO_COMMON_BLOCKS = YES;
				GCC_WARN_64_TO_32_BIT_CONVERSION = YES;
				GCC_WARN_ABOUT_RETURN_TYPE = YES_ERROR;
				GCC_WARN_UNDECLARED_SELECTOR = YES;
				GCC_WARN_UNINITIALIZED_AUTOS = YES_AGGRESSIVE;
				GCC_WARN_UNUSED_FUNCTION = YES;
				GCC_WARN_UNUSED_VARIABLE = YES;
				IPHONEOS_DEPLOYMENT_TARGET = 11.2;
				MTL_ENABLE_DEBUG_INFO = NO;
				SDKROOT = iphoneos;
				SWIFT_OPTIMIZATION_LEVEL = "-Owholemodule";
				VALIDATE_PRODUCT = YES;
			};
			name = Release;
		};
		CD2242DB20DA92D800DB8F20 /* Debug */ = {
			isa = XCBuildConfiguration;
			buildSettings = {
				ASSETCATALOG_COMPILER_APPICON_NAME = AppIcon;
				CODE_SIGN_STYLE = Automatic;
				INFOPLIST_FILE = Case/Info.plist;
				LD_RUNPATH_SEARCH_PATHS = "$(inherited) @executable_path/Frameworks";
				PRODUCT_BUNDLE_IDENTIFIER = com.Thom.Case;
				PRODUCT_NAME = "$(TARGET_NAME)";
				SWIFT_VERSION = 4.0;
				TARGETED_DEVICE_FAMILY = "1,2";
			};
			name = Debug;
		};
		CD2242DC20DA92D800DB8F20 /* Release */ = {
			isa = XCBuildConfiguration;
			buildSettings = {
				ASSETCATALOG_COMPILER_APPICON_NAME = AppIcon;
				CODE_SIGN_STYLE = Automatic;
				INFOPLIST_FILE = Case/Info.plist;
				LD_RUNPATH_SEARCH_PATHS = "$(inherited) @executable_path/Frameworks";
				PRODUCT_BUNDLE_IDENTIFIER = com.Thom.Case;
				PRODUCT_NAME = "$(TARGET_NAME)";
				SWIFT_VERSION = 4.0;
				TARGETED_DEVICE_FAMILY = "1,2";
			};
			name = Release;
		};
/* End XCBuildConfiguration section */

/* Begin XCConfigurationList section */
		CD2242C320DA92D800DB8F20 /* Build configuration list for PBXProject "Case" */ = {
			isa = XCConfigurationList;
			buildConfigurations = (
				CD2242D820DA92D800DB8F20 /* Debug */,
				CD2242D920DA92D800DB8F20 /* Release */,
			);
			defaultConfigurationIsVisible = 0;
			defaultConfigurationName = Release;
		};
		CD2242DA20DA92D800DB8F20 /* Build configuration list for PBXNativeTarget "Case" */ = {
			isa = XCConfigurationList;
			buildConfigurations = (
				CD2242DB20DA92D800DB8F20 /* Debug */,
				CD2242DC20DA92D800DB8F20 /* Release */,
			);
			defaultConfigurationIsVisible = 0;
			defaultConfigurationName = Release;
		};
/* End XCConfigurationList section */
	};
	rootObject = CD2242C020DA92D800DB8F20 /* Project object */;
}
